
Microsoft Visual Studio Solution File, Format Version 12.00
# Visual Studio 14
VisualStudioVersion = 14.0.25420.1
MinimumVisualStudioVersion = 10.0.40219.1
Project("{2150E333-8FDC-42A3-9474-1A3956D46DE8}") = "src", "src", "{CBB25C7F-AE54-4D08-8988-D87E2D6C8090}"
EndProject
Project("{2150E333-8FDC-42A3-9474-1A3956D46DE8}") = "Solution Items", "Solution Items", "{03E89291-40E5-4CA1-BAEF-614B3F69CA41}"
	ProjectSection(SolutionItems) = preProject
		global.json = global.json
	EndProjectSection
EndProject
Project("{8BB2217D-0F2D-49D1-97BC-3654ED321F3B}") = "BethanysPieShop", "src\BethanysPieShop\BethanysPieShop.xproj", "{7830585D-44C2-4197-A57C-CD39E73D5146}"
EndProject
Global
	GlobalSection(SolutionConfigurationPlatforms) = preSolution
		Debug|Any CPU = Debug|Any CPU
		Release|Any CPU = Release|Any CPU
	EndGlobalSection
	GlobalSection(ProjectConfigurationPlatforms) = postSolution
		{7830585D-44C2-4197-A57C-CD39E73D5146}.Debug|Any CPU.ActiveCfg = Debug|Any CPU
		{7830585D-44C2-4197-A57C-CD39E73D5146}.Debug|Any CPU.Build.0 = Debug|Any CPU
		{7830585D-44C2-4197-A57C-CD39E73D5146}.Release|Any CPU.ActiveCfg = Release|Any CPU
		{7830585D-44C2-4197-A57C-CD39E73D5146}.Release|Any CPU.Build.0 = Release|Any CPU
	EndGlobalSection
	GlobalSection(SolutionProperties) = preSolution
		HideSolutionNode = FALSE
	EndGlobalSection
	GlobalSection(NestedProjects) = preSolution
		{7830585D-44C2-4197-A57C-CD39E73D5146} = {CBB25C7F-AE54-4D08-8988-D87E2D6C8090}
	EndGlobalSection
EndGlobal
